PODS:
  - AFNetworking (2.0.0-RC2):
    - AFNetworking/Core
    - AFNetworking/UIKit+AFNetworking
  - AFNetworking/Core (2.0.0-RC2)
  - AFNetworking/UIKit+AFNetworking (2.0.0-RC2)
  - libwebp (0.3.0-rc7):
    - libwebp/dec
    - libwebp/dsp
    - libwebp/utils
    - libwebp/webp
  - libwebp/dec (0.3.0-rc7)
  - libwebp/dsp (0.3.0-rc7)
  - libwebp/utils (0.3.0-rc7)
  - libwebp/webp (0.3.0-rc7)
  - SDWebImage (3.4):
    - libwebp
    - SDWebImage/MapKit
  - SDWebImage/MapKit (3.4):
    - libwebp

DEPENDENCIES:
  - AFNetworking
  - SDWebImage

SPEC CHECKSUMS:
  AFNetworking: 6b19d8a0793f342d8c879cd0af9d7488e54addcf
  libwebp: 40517fa1fd3716eded73b4696c45fc0b66e4b414
  SDWebImage: f13f791e411c632489824aa7f129e230b52bf5c4

COCOAPODS: 0.20.2
